
Microsoft Visual Studio Solution File, Format Version 12.00
# Visual Studio 15
VisualStudioVersion = 15.0.27703.2042
MinimumVisualStudioVersion = 10.0.40219.1
Project("{FAE04EC0-301F-11D3-BF4B-00C04F79EFBC}") = "WebAPIdemo", "WebAPIdemo\WebAPIdemo.csproj", "{83B92416-2D00-44A9-BFD0-A0D3A534AFFD}"
EndProject
Global
	GlobalSection(SolutionConfigurationPlatforms) = preSolution
		Debug|Any CPU = Debug|Any CPU
		Release|Any CPU = Release|Any CPU
	EndGlobalSection
	GlobalSection(ProjectConfigurationPlatforms) = postSolution
		{83B92416-2D00-44A9-BFD0-A0D3A534AFFD}.Debug|Any CPU.ActiveCfg = Debug|Any CPU
		{83B92416-2D00-44A9-BFD0-A0D3A534AFFD}.Debug|Any CPU.Build.0 = Debug|Any CPU
		{83B92416-2D00-44A9-BFD0-A0D3A534AFFD}.Release|Any CPU.ActiveCfg = Release|Any CPU
		{83B92416-2D00-44A9-BFD0-A0D3A534AFFD}.Release|Any CPU.Build.0 = Release|Any CPU
	EndGlobalSection
	GlobalSection(SolutionProperties) = preSolution
		HideSolutionNode = FALSE
	EndGlobalSection
	GlobalSection(ExtensibilityGlobals) = postSolution
		SolutionGuid = {7323E827-6ED5-42C0-A6E3-F003DB2B4736}
	EndGlobalSection
EndGlobal
